{
  "name": "test1",
  "version": "0.0.0",
  "lockfileVersion": 2,
  "requires": true,
  "packages": {
    "": {
      "name": "test1",
      "version": "0.0.0",
      "license": "ISC",
      "dependencies": {
        "@produck/charon": "^0.3.0"
      }
    },
    "node_modules/@produck/charon": {
      "version": "0.3.0",
      "resolved": "https://registry.npmjs.org/@produck/charon/-/charon-0.3.0.tgz",
      "integrity": "sha512-OuQj0CMZOTzutslEFZRY9NS0cmFYGBYzvz0b4cJWYaN7RrS2R4MU3WCHMbXOXv7elOJvBhIKBOLHUkaPrazXWw=="
    }
  },
  "dependencies": {
    "@produck/charon": {
      "version": "0.3.0",
      "resolved": "https://registry.npmjs.org/@produck/charon/-/charon-0.3.0.tgz",
      "integrity": "sha512-OuQj0CMZOTzutslEFZRY9NS0cmFYGBYzvz0b4cJWYaN7RrS2R4MU3WCHMbXOXv7elOJvBhIKBOLHUkaPrazXWw=="
    }
  }
}
